
Microsoft Visual Studio Solution File, Format Version 12.00
# Visual Studio Version 16
VisualStudioVersion = 16.0.30204.135
MinimumVisualStudioVersion = 10.0.40219.1
Project("{FAE04EC0-301F-11D3-BF4B-00C04F79EFBC}") = "RecognizerLib", "RecognizerLib\RecognizerLib.csproj", "{49C50840-9B51-4AE1-89B1-A45D5323DB51}"
EndProject
Project("{FAE04EC0-301F-11D3-BF4B-00C04F79EFBC}") = "RecognizerTests", "RecognizerTest\RecognizerTests.csproj", "{1FADBB9A-D63E-436A-9E7B-4D6244734C8A}"
EndProject
Project("{FAE04EC0-301F-11D3-BF4B-00C04F79EFBC}") = "Examples", "Examples\Examples.csproj", "{0941243F-AB67-4C11-8683-53426064551E}"
EndProject
Global
	GlobalSection(SolutionConfigurationPlatforms) = preSolution
		Debug|Any CPU = Debug|Any CPU
		Release|Any CPU = Release|Any CPU
	EndGlobalSection
	GlobalSection(ProjectConfigurationPlatforms) = postSolution
		{49C50840-9B51-4AE1-89B1-A45D5323DB51}.Debug|Any CPU.ActiveCfg = Debug|Any CPU
		{49C50840-9B51-4AE1-89B1-A45D5323DB51}.Debug|Any CPU.Build.0 = Debug|Any CPU
		{49C50840-9B51-4AE1-89B1-A45D5323DB51}.Release|Any CPU.ActiveCfg = Release|Any CPU
		{49C50840-9B51-4AE1-89B1-A45D5323DB51}.Release|Any CPU.Build.0 = Release|Any CPU
		{1FADBB9A-D63E-436A-9E7B-4D6244734C8A}.Debug|Any CPU.ActiveCfg = Debug|Any CPU
		{1FADBB9A-D63E-436A-9E7B-4D6244734C8A}.Debug|Any CPU.Build.0 = Debug|Any CPU
		{1FADBB9A-D63E-436A-9E7B-4D6244734C8A}.Release|Any CPU.ActiveCfg = Release|Any CPU
		{1FADBB9A-D63E-436A-9E7B-4D6244734C8A}.Release|Any CPU.Build.0 = Release|Any CPU
		{0941243F-AB67-4C11-8683-53426064551E}.Debug|Any CPU.ActiveCfg = Debug|Any CPU
		{0941243F-AB67-4C11-8683-53426064551E}.Debug|Any CPU.Build.0 = Debug|Any CPU
		{0941243F-AB67-4C11-8683-53426064551E}.Release|Any CPU.ActiveCfg = Release|Any CPU
		{0941243F-AB67-4C11-8683-53426064551E}.Release|Any CPU.Build.0 = Release|Any CPU
	EndGlobalSection
	GlobalSection(SolutionProperties) = preSolution
		HideSolutionNode = FALSE
	EndGlobalSection
	GlobalSection(ExtensibilityGlobals) = postSolution
		SolutionGuid = {CF6FAF40-1760-4FFA-9733-27F8106A695E}
	EndGlobalSection
EndGlobal
